
Microsoft Visual Studio Solution File, Format Version 12.00
# Visual Studio Version 17
VisualStudioVersion = 17.9.34607.119
MinimumVisualStudioVersion = 10.0.40219.1
Project("{FAE04EC0-301F-11D3-BF4B-00C04F79EFBC}") = "homework", "homework.csproj", "{0E43BDCB-99FA-4FAE-8D5C-740D46829DEB}"
EndProject
Global
	GlobalSection(SolutionConfigurationPlatforms) = preSolution
		Debug|Any CPU = Debug|Any CPU
		Release|Any CPU = Release|Any CPU
	EndGlobalSection
	GlobalSection(ProjectConfigurationPlatforms) = postSolution
		{0E43BDCB-99FA-4FAE-8D5C-740D46829DEB}.Debug|Any CPU.ActiveCfg = Debug|Any CPU
		{0E43BDCB-99FA-4FAE-8D5C-740D46829DEB}.Debug|Any CPU.Build.0 = Debug|Any CPU
		{0E43BDCB-99FA-4FAE-8D5C-740D46829DEB}.Release|Any CPU.ActiveCfg = Release|Any CPU
		{0E43BDCB-99FA-4FAE-8D5C-740D46829DEB}.Release|Any CPU.Build.0 = Release|Any CPU
	EndGlobalSection
	GlobalSection(SolutionProperties) = preSolution
		HideSolutionNode = FALSE
	EndGlobalSection
	GlobalSection(ExtensibilityGlobals) = postSolution
		SolutionGuid = {BB8CC05C-D350-4C36-A9F2-C4134B6CB6BA}
	EndGlobalSection
EndGlobal
